
Microsoft Visual Studio Solution File, Format Version 12.00
# Visual Studio Version 16
VisualStudioVersion = 16.0.31410.357
MinimumVisualStudioVersion = 10.0.40219.1
Project("{FAE04EC0-301F-11D3-BF4B-00C04F79EFBC}") = "ProductReviewManager", "ProductReviewManager.csproj", "{0AE32DD4-1701-4E5D-8A07-F73FDB7BEAF7}"
EndProject
Project("{FAE04EC0-301F-11D3-BF4B-00C04F79EFBC}") = "TestingProductReview", "..\TestingProductReview\TestingProductReview.csproj", "{A246D211-AA10-45AA-A999-055898F8AF6F}"
EndProject
Global
	GlobalSection(SolutionConfigurationPlatforms) = preSolution
		Debug|Any CPU = Debug|Any CPU
		Release|Any CPU = Release|Any CPU
	EndGlobalSection
	GlobalSection(ProjectConfigurationPlatforms) = postSolution
		{0AE32DD4-1701-4E5D-8A07-F73FDB7BEAF7}.Debug|Any CPU.ActiveCfg = Debug|Any CPU
		{0AE32DD4-1701-4E5D-8A07-F73FDB7BEAF7}.Debug|Any CPU.Build.0 = Debug|Any CPU
		{0AE32DD4-1701-4E5D-8A07-F73FDB7BEAF7}.Release|Any CPU.ActiveCfg = Release|Any CPU
		{0AE32DD4-1701-4E5D-8A07-F73FDB7BEAF7}.Release|Any CPU.Build.0 = Release|Any CPU
		{A246D211-AA10-45AA-A999-055898F8AF6F}.Debug|Any CPU.ActiveCfg = Debug|Any CPU
		{A246D211-AA10-45AA-A999-055898F8AF6F}.Debug|Any CPU.Build.0 = Debug|Any CPU
		{A246D211-AA10-45AA-A999-055898F8AF6F}.Release|Any CPU.ActiveCfg = Release|Any CPU
		{A246D211-AA10-45AA-A999-055898F8AF6F}.Release|Any CPU.Build.0 = Release|Any CPU
	EndGlobalSection
	GlobalSection(SolutionProperties) = preSolution
		HideSolutionNode = FALSE
	EndGlobalSection
	GlobalSection(ExtensibilityGlobals) = postSolution
		SolutionGuid = {748B2991-4FBC-4191-8AC0-B3F3044B23A3}
	EndGlobalSection
EndGlobal
